
Microsoft Visual Studio Solution File, Format Version 12.00
# Visual Studio Version 17
VisualStudioVersion = 17.9.34723.18
MinimumVisualStudioVersion = 10.0.40219.1
Project("{FAE04EC0-301F-11D3-BF4B-00C04F79EFBC}") = "GradientApp", "GradientApp.csproj", "{C715B526-658F-4DEE-BC2C-AC5E0943683C}"
EndProject
Global
	GlobalSection(SolutionConfigurationPlatforms) = preSolution
		Debug|Any CPU = Debug|Any CPU
		Release|Any CPU = Release|Any CPU
	EndGlobalSection
	GlobalSection(ProjectConfigurationPlatforms) = postSolution
		{C715B526-658F-4DEE-BC2C-AC5E0943683C}.Debug|Any CPU.ActiveCfg = Debug|Any CPU
		{C715B526-658F-4DEE-BC2C-AC5E0943683C}.Debug|Any CPU.Build.0 = Debug|Any CPU
		{C715B526-658F-4DEE-BC2C-AC5E0943683C}.Debug|Any CPU.Deploy.0 = Debug|Any CPU
		{C715B526-658F-4DEE-BC2C-AC5E0943683C}.Release|Any CPU.ActiveCfg = Release|Any CPU
		{C715B526-658F-4DEE-BC2C-AC5E0943683C}.Release|Any CPU.Build.0 = Release|Any CPU
		{C715B526-658F-4DEE-BC2C-AC5E0943683C}.Release|Any CPU.Deploy.0 = Release|Any CPU
	EndGlobalSection
	GlobalSection(SolutionProperties) = preSolution
		HideSolutionNode = FALSE
	EndGlobalSection
	GlobalSection(ExtensibilityGlobals) = postSolution
		SolutionGuid = {6C398F3F-57A4-455D-938D-0761D94F1E16}
	EndGlobalSection
EndGlobal
